{
  "requires": true,
  "lockfileVersion": 1,
  "dependencies": {
    "node-forge": {
      "version": "1.3.0",
      "resolved": "https://registry.npmjs.org/node-forge/-/node-forge-1.3.0.tgz",
      "integrity": "sha512-08ARB91bUi6zNKzVmaj3QO7cr397uiDT2nJ63cHjyNtCTWIgvS47j3eT0WfzUwS9+6Z5YshRaoasFkXCKrIYbA=="
    }
  }
}
